# THIS IS AN AUTOGENERATED FILE. DO NOT EDIT THIS FILE DIRECTLY.
# yarn lockfile v1


css-pro-layout@^1.1.0:
  version "1.1.0"
  resolved "https://registry.yarnpkg.com/css-pro-layout/-/css-pro-layout-1.1.0.tgz#741d62a01891d81ae24580dbc1427a8dade39420"
  integrity sha512-rmz9qy33SVIsqBRdg6kpD31JWJJHrXvWITVgi5r4BxLuIRJD3NEKhK4588mWoLAI0P+yfxBM7TFWDm91p/pfhw==
